PODS:
  - PromiseKit (6.8.3):
    - PromiseKit/CorePromise (= 6.8.3)
    - PromiseKit/Foundation (= 6.8.3)
    - PromiseKit/UIKit (= 6.8.3)
  - PromiseKit/CorePromise (6.8.3)
  - PromiseKit/Foundation (6.8.3):
    - PromiseKit/CorePromise
  - PromiseKit/UIKit (6.8.3):
    - PromiseKit/CorePromise
  - SnapKit (4.2.0)
  - Swinject (2.5.0)

DEPENDENCIES:
  - PromiseKit (~> 6.8)
  - SnapKit (~> 4.0)
  - Swinject

SPEC REPOS:
  https://github.com/cocoapods/specs.git:
    - PromiseKit
    - SnapKit
    - Swinject

SPEC CHECKSUMS:
  PromiseKit: 94c6e781838c5bf4717677d0d882b0e7250c80fc
  SnapKit: fe8a619752f3f27075cc9a90244d75c6c3f27e2a
  Swinject: 82cdb851f63f91bba974e3eca1d69780f2f7677e

PODFILE CHECKSUM: dd7192fd14a6656a8ade1c7b1b6e08940b706339

COCOAPODS: 1.6.0
